
Microsoft Visual Studio Solution File, Format Version 12.00
# Visual Studio Version 16
VisualStudioVersion = 16.0.29503.13
MinimumVisualStudioVersion = 10.0.40219.1
Project("{FAE04EC0-301F-11D3-BF4B-00C04F79EFBC}") = "OCRWebApi", "OCRWebApi\OCRWebApi.csproj", "{68ECCC8D-3CAA-420B-84B7-77C0B0E0CF4F}"
EndProject
Project("{FAE04EC0-301F-11D3-BF4B-00C04F79EFBC}") = "Test_OCRWebApi", "Test_OCRWebApi\Test_OCRWebApi.csproj", "{007D220D-ADBE-4FB3-AF51-8D0900D7C8E7}"
EndProject
Global
	GlobalSection(SolutionConfigurationPlatforms) = preSolution
		Debug|Any CPU = Debug|Any CPU
		Release|Any CPU = Release|Any CPU
	EndGlobalSection
	GlobalSection(ProjectConfigurationPlatforms) = postSolution
		{68ECCC8D-3CAA-420B-84B7-77C0B0E0CF4F}.Debug|Any CPU.ActiveCfg = Debug|Any CPU
		{68ECCC8D-3CAA-420B-84B7-77C0B0E0CF4F}.Debug|Any CPU.Build.0 = Debug|Any CPU
		{68ECCC8D-3CAA-420B-84B7-77C0B0E0CF4F}.Release|Any CPU.ActiveCfg = Release|Any CPU
		{68ECCC8D-3CAA-420B-84B7-77C0B0E0CF4F}.Release|Any CPU.Build.0 = Release|Any CPU
		{007D220D-ADBE-4FB3-AF51-8D0900D7C8E7}.Debug|Any CPU.ActiveCfg = Debug|Any CPU
		{007D220D-ADBE-4FB3-AF51-8D0900D7C8E7}.Debug|Any CPU.Build.0 = Debug|Any CPU
		{007D220D-ADBE-4FB3-AF51-8D0900D7C8E7}.Release|Any CPU.ActiveCfg = Release|Any CPU
		{007D220D-ADBE-4FB3-AF51-8D0900D7C8E7}.Release|Any CPU.Build.0 = Release|Any CPU
	EndGlobalSection
	GlobalSection(SolutionProperties) = preSolution
		HideSolutionNode = FALSE
	EndGlobalSection
	GlobalSection(ExtensibilityGlobals) = postSolution
		SolutionGuid = {873DEB5A-A01F-46BF-9CBA-AF3F833EF7EB}
	EndGlobalSection
EndGlobal
